
Microsoft Visual Studio Solution File, Format Version 12.00
# Visual Studio 15
VisualStudioVersion = 15.0.28307.106
MinimumVisualStudioVersion = 10.0.40219.1
Project("{FAE04EC0-301F-11D3-BF4B-00C04F79EFBC}") = "TestAutomation", "TestAutomation\TestAutomation.csproj", "{36388CC4-4F2F-4270-8833-2438956F07D5}"
EndProject
Global
	GlobalSection(SolutionConfigurationPlatforms) = preSolution
		Debug|Any CPU = Debug|Any CPU
		Release|Any CPU = Release|Any CPU
	EndGlobalSection
	GlobalSection(ProjectConfigurationPlatforms) = postSolution
		{36388CC4-4F2F-4270-8833-2438956F07D5}.Debug|Any CPU.ActiveCfg = Debug|Any CPU
		{36388CC4-4F2F-4270-8833-2438956F07D5}.Debug|Any CPU.Build.0 = Debug|Any CPU
		{36388CC4-4F2F-4270-8833-2438956F07D5}.Release|Any CPU.ActiveCfg = Release|Any CPU
		{36388CC4-4F2F-4270-8833-2438956F07D5}.Release|Any CPU.Build.0 = Release|Any CPU
	EndGlobalSection
	GlobalSection(SolutionProperties) = preSolution
		HideSolutionNode = FALSE
	EndGlobalSection
	GlobalSection(ExtensibilityGlobals) = postSolution
		SolutionGuid = {B04F9C76-E387-4F76-8F36-04E1F5B27C6E}
	EndGlobalSection
EndGlobal
